// !$*UTF8*$!
{
	archiveVersion = 1;
	classes = {
	};
	objectVersion = 50;
	objects = {

/* Begin PBXBuildFile section */
		86A2255624CA421700D8EFDC /* AppDelegate.swift in Sources */ = {isa = PBXBuildFile; fileRef = 86A2255524CA421700D8EFDC /* AppDelegate.swift */; };
		86A2255824CA421700D8EFDC /* SceneDelegate.swift in Sources */ = {isa = PBXBuildFile; fileRef = 86A2255724CA421700D8EFDC /* SceneDelegate.swift */; };
		86A2255A24CA421700D8EFDC /* AllCardsView.swift in Sources */ = {isa = PBXBuildFile; fileRef = 86A2255924CA421700D8EFDC /* AllCardsView.swift */; };
		86A2255C24CA421800D8EFDC /* Assets.xcassets in Resources */ = {isa = PBXBuildFile; fileRef = 86A2255B24CA421800D8EFDC /* Assets.xcassets */; };
		86A2255F24CA421800D8EFDC /* Preview Assets.xcassets in Resources */ = {isa = PBXBuildFile; fileRef = 86A2255E24CA421800D8EFDC /* Preview Assets.xcassets */; };
		86A2256224CA421800D8EFDC /* LaunchScreen.storyboard in Resources */ = {isa = PBXBuildFile; fileRef = 86A2256024CA421800D8EFDC /* LaunchScreen.storyboard */; };
		86A2256A24CA422E00D8EFDC /* pokerCards.json in Resources */ = {isa = PBXBuildFile; fileRef = 86A2256924CA422E00D8EFDC /* pokerCards.json */; };
		86A2256C24CA425F00D8EFDC /* Bundle+Ext.swift in Sources */ = {isa = PBXBuildFile; fileRef = 86A2256B24CA425F00D8EFDC /* Bundle+Ext.swift */; };
		86A2256E24CA427700D8EFDC /* Card.swift in Sources */ = {isa = PBXBuildFile; fileRef = 86A2256D24CA427700D8EFDC /* Card.swift */; };
		86A2257024CA4F6700D8EFDC /* ColorPickerView.swift in Sources */ = {isa = PBXBuildFile; fileRef = 86A2256F24CA4F6700D8EFDC /* ColorPickerView.swift */; };
/* End PBXBuildFile section */

/* Begin PBXFileReference section */
		86A2255224CA421700D8EFDC /* Pick Poker.app */ = {isa = PBXFileReference; explicitFileType = wrapper.application; includeInIndex = 0; path = "Pick Poker.app"; sourceTree = BUILT_PRODUCTS_DIR; };
		86A2255524CA421700D8EFDC /* AppDelegate.swift */ = {isa = PBXFileReference; lastKnownFileType = sourcecode.swift; path = AppDelegate.swift; sourceTree = "<group>"; };
		86A2255724CA421700D8EFDC /* SceneDelegate.swift */ = {isa = PBXFileReference; lastKnownFileType = sourcecode.swift; path = SceneDelegate.swift; sourceTree = "<group>"; };
		86A2255924CA421700D8EFDC /* AllCardsView.swift */ = {isa = PBXFileReference; lastKnownFileType = sourcecode.swift; path = AllCardsView.swift; sourceTree = "<group>"; };
		86A2255B24CA421800D8EFDC /* Assets.xcassets */ = {isa = PBXFileReference; lastKnownFileType = folder.assetcatalog; path = Assets.xcassets; sourceTree = "<group>"; };
		86A2255E24CA421800D8EFDC /* Preview Assets.xcassets */ = {isa = PBXFileReference; lastKnownFileType = folder.assetcatalog; path = "Preview Assets.xcassets"; sourceTree = "<group>"; };
		86A2256124CA421800D8EFDC /* Base */ = {isa = PBXFileReference; lastKnownFileType = file.storyboard; name = Base; path = Base.lproj/LaunchScreen.storyboard; sourceTree = "<group>"; };
		86A2256324CA421800D8EFDC /* Info.plist */ = {isa = PBXFileReference; lastKnownFileType = text.plist.xml; path = Info.plist; sourceTree = "<group>"; };
		86A2256924CA422E00D8EFDC /* pokerCards.json */ = {isa = PBXFileReference; fileEncoding = 4; lastKnownFileType = text.json; path = pokerCards.json; sourceTree = "<group>"; };
		86A2256B24CA425F00D8EFDC /* Bundle+Ext.swift */ = {isa = PBXFileReference; lastKnownFileType = sourcecode.swift; path = "Bundle+Ext.swift"; sourceTree = "<group>"; };
		86A2256D24CA427700D8EFDC /* Card.swift */ = {isa = PBXFileReference; lastKnownFileType = sourcecode.swift; path = Card.swift; sourceTree = "<group>"; };
		86A2256F24CA4F6700D8EFDC /* ColorPickerView.swift */ = {isa = PBXFileReference; lastKnownFileType = sourcecode.swift; path = ColorPickerView.swift; sourceTree = "<group>"; };
/* End PBXFileReference section */

/* Begin PBXFrameworksBuildPhase section */
		86A2254F24CA421700D8EFDC /* Frameworks */ = {
			isa = PBXFrameworksBuildPhase;
			buildActionMask = 2147483647;
			files = (
			);
			runOnlyForDeploymentPostprocessing = 0;
		};
/* End PBXFrameworksBuildPhase section */

/* Begin PBXGroup section */
		86A2254924CA421700D8EFDC = {
			isa = PBXGroup;
			children = (
				86A2255424CA421700D8EFDC /* Pick Poker */,
				86A2255324CA421700D8EFDC /* Products */,
			);
			sourceTree = "<group>";
		};
		86A2255324CA421700D8EFDC /* Products */ = {
			isa = PBXGroup;
			children = (
				86A2255224CA421700D8EFDC /* Pick Poker.app */,
			);
			name = Products;
			sourceTree = "<group>";
		};
		86A2255424CA421700D8EFDC /* Pick Poker */ = {
			isa = PBXGroup;
			children = (
				86A2255524CA421700D8EFDC /* AppDelegate.swift */,
				86A2255724CA421700D8EFDC /* SceneDelegate.swift */,
				86A2255924CA421700D8EFDC /* AllCardsView.swift */,
				86A2256F24CA4F6700D8EFDC /* ColorPickerView.swift */,
				86A2256B24CA425F00D8EFDC /* Bundle+Ext.swift */,
				86A2256D24CA427700D8EFDC /* Card.swift */,
				86A2255B24CA421800D8EFDC /* Assets.xcassets */,
				86A2256024CA421800D8EFDC /* LaunchScreen.storyboard */,
				86A2256324CA421800D8EFDC /* Info.plist */,
				86A2255D24CA421800D8EFDC /* Preview Content */,
				86A2256924CA422E00D8EFDC /* pokerCards.json */,
			);
			path = "Pick Poker";
			sourceTree = "<group>";
		};
		86A2255D24CA421800D8EFDC /* Preview Content */ = {
			isa = PBXGroup;
			children = (
				86A2255E24CA421800D8EFDC /* Preview Assets.xcassets */,
			);
			path = "Preview Content";
			sourceTree = "<group>";
		};
/* End PBXGroup section */

/* Begin PBXNativeTarget section */
		86A2255124CA421700D8EFDC /* Pick Poker */ = {
			isa = PBXNativeTarget;
			buildConfigurationList = 86A2256624CA421800D8EFDC /* Build configuration list for PBXNativeTarget "Pick Poker" */;
			buildPhases = (
				86A2254E24CA421700D8EFDC /* Sources */,
				86A2254F24CA421700D8EFDC /* Frameworks */,
				86A2255024CA421700D8EFDC /* Resources */,
			);
			buildRules = (
			);
			dependencies = (
			);
			name = "Pick Poker";
			productName = "Pick Poker";
			productReference = 86A2255224CA421700D8EFDC /* Pick Poker.app */;
			productType = "com.apple.product-type.application";
		};
/* End PBXNativeTarget section */

/* Begin PBXProject section */
		86A2254A24CA421700D8EFDC /* Project object */ = {
			isa = PBXProject;
			attributes = {
				LastSwiftUpdateCheck = 1150;
				LastUpgradeCheck = 1150;
				ORGANIZATIONNAME = Oriapy;
				TargetAttributes = {
					86A2255124CA421700D8EFDC = {
						CreatedOnToolsVersion = 11.5;
					};
				};
			};
			buildConfigurationList = 86A2254D24CA421700D8EFDC /* Build configuration list for PBXProject "Pick Poker" */;
			compatibilityVersion = "Xcode 9.3";
			developmentRegion = en;
			hasScannedForEncodings = 0;
			knownRegions = (
				en,
				Base,
			);
			mainGroup = 86A2254924CA421700D8EFDC;
			productRefGroup = 86A2255324CA421700D8EFDC /* Products */;
			projectDirPath = "";
			projectRoot = "";
			targets = (
				86A2255124CA421700D8EFDC /* Pick Poker */,
			);
		};
/* End PBXProject section */

/* Begin PBXResourcesBuildPhase section */
		86A2255024CA421700D8EFDC /* Resources */ = {
			isa = PBXResourcesBuildPhase;
			buildActionMask = 2147483647;
			files = (
				86A2256224CA421800D8EFDC /* LaunchScreen.storyboard in Resources */,
				86A2256A24CA422E00D8EFDC /* pokerCards.json in Resources */,
				86A2255F24CA421800D8EFDC /* Preview Assets.xcassets in Resources */,
				86A2255C24CA421800D8EFDC /* Assets.xcassets in Resources */,
			);
			runOnlyForDeploymentPostprocessing = 0;
		};
/* End PBXResourcesBuildPhase section */

/* Begin PBXSourcesBuildPhase section */
		86A2254E24CA421700D8EFDC /* Sources */ = {
			isa = PBXSourcesBuildPhase;
			buildActionMask = 2147483647;
			files = (
				86A2255624CA421700D8EFDC /* AppDelegate.swift in Sources */,
				86A2256C24CA425F00D8EFDC /* Bundle+Ext.swift in Sources */,
				86A2257024CA4F6700D8EFDC /* ColorPickerView.swift in Sources */,
				86A2256E24CA427700D8EFDC /* Card.swift in Sources */,
				86A2255824CA421700D8EFDC /* SceneDelegate.swift in Sources */,
				86A2255A24CA421700D8EFDC /* AllCardsView.swift in Sources */,
			);
			runOnlyForDeploymentPostprocessing = 0;
		};
/* End PBXSourcesBuildPhase section */

/* Begin PBXVariantGroup section */
		86A2256024CA421800D8EFDC /* LaunchScreen.storyboard */ = {
			isa = PBXVariantGroup;
			children = (
				86A2256124CA421800D8EFDC /* Base */,
			);
			name = LaunchScreen.storyboard;
			sourceTree = "<group>";
		};
/* End PBXVariantGroup section */

/* Begin XCBuildConfiguration section */
		86A2256424CA421800D8EFDC /* Debug */ = {
			isa = XCBuildConfiguration;
			buildSettings = {
				ALWAYS_SEARCH_USER_PATHS = NO;
				CLANG_ANALYZER_NONNULL = YES;
				CLANG_ANALYZER_NUMBER_OBJECT_CONVERSION = YES_AGGRESSIVE;
				CLANG_CXX_LANGUAGE_STANDARD = "gnu++14";
				CLANG_CXX_LIBRARY = "libc++";
				CLANG_ENABLE_MODULES = YES;
				CLANG_ENABLE_OBJC_ARC = YES;
				CLANG_ENABLE_OBJC_WEAK = YES;
				CLANG_WARN_BLOCK_CAPTURE_AUTORELEASING = YES;
				CLANG_WARN_BOOL_CONVERSION = YES;
				CLANG_WARN_COMMA = YES;
				CLANG_WARN_CONSTANT_CONVERSION = YES;
				CLANG_WARN_DEPRECATED_OBJC_IMPLEMENTATIONS = YES;
				CLANG_WARN_DIRECT_OBJC_ISA_USAGE = YES_ERROR;
				CLANG_WARN_DOCUMENTATION_COMMENTS = YES;
				CLANG_WARN_EMPTY_BODY = YES;
				CLANG_WARN_ENUM_CONVERSION = YES;
				CLANG_WARN_INFINITE_RECURSION = YES;
				CLANG_WARN_INT_CONVERSION = YES;
				CLANG_WARN_NON_LITERAL_NULL_CONVERSION = YES;
				CLANG_WARN_OBJC_IMPLICIT_RETAIN_SELF = YES;
				CLANG_WARN_OBJC_LITERAL_CONVERSION = YES;
				CLANG_WARN_OBJC_ROOT_CLASS = YES_ERROR;
				CLANG_WARN_RANGE_LOOP_ANALYSIS = YES;
				CLANG_WARN_STRICT_PROTOTYPES = YES;
				CLANG_WARN_SUSPICIOUS_MOVE = YES;
				CLANG_WARN_UNGUARDED_AVAILABILITY = YES_AGGRESSIVE;
				CLANG_WARN_UNREACHABLE_CODE = YES;
				CLANG_WARN__DUPLICATE_METHOD_MATCH = YES;
				COPY_PHASE_STRIP = NO;
				DEBUG_INFORMATION_FORMAT = dwarf;
				ENABLE_STRICT_OBJC_MSGSEND = YES;
				ENABLE_TESTABILITY = YES;
				GCC_C_LANGUAGE_STANDARD = gnu11;
				GCC_DYNAMIC_NO_PIC = NO;
				GCC_NO_COMMON_BLOCKS = YES;
				GCC_OPTIMIZATION_LEVEL = 0;
				GCC_PREPROCESSOR_DEFINITIONS = (
					"DEBUG=1",
					"$(inherited)",
				);
				GCC_WARN_64_TO_32_BIT_CONVERSION = YES;
				GCC_WARN_ABOUT_RETURN_TYPE = YES_ERROR;
				GCC_WARN_UNDECLARED_SELECTOR = YES;
				GCC_WARN_UNINITIALIZED_AUTOS = YES_AGGRESSIVE;
				GCC_WARN_UNUSED_FUNCTION = YES;
				GCC_WARN_UNUSED_VARIABLE = YES;
				IPHONEOS_DEPLOYMENT_TARGET = 13.5;
				MTL_ENABLE_DEBUG_INFO = INCLUDE_SOURCE;
				MTL_FAST_MATH = YES;
				ONLY_ACTIVE_ARCH = YES;
				SDKROOT = iphoneos;
				SWIFT_ACTIVE_COMPILATION_CONDITIONS = DEBUG;
				SWIFT_OPTIMIZATION_LEVEL = "-Onone";
			};
			name = Debug;
		};
		86A2256524CA421800D8EFDC /* Release */ = {
			isa = XCBuildConfiguration;
			buildSettings = {
				ALWAYS_SEARCH_USER_PATHS = NO;
				CLANG_ANALYZER_NONNULL = YES;
				CLANG_ANALYZER_NUMBER_OBJECT_CONVERSION = YES_AGGRESSIVE;
				CLANG_CXX_LANGUAGE_STANDARD = "gnu++14";
				CLANG_CXX_LIBRARY = "libc++";
				CLANG_ENABLE_MODULES = YES;
				CLANG_ENABLE_OBJC_ARC = YES;
				CLANG_ENABLE_OBJC_WEAK = YES;
				CLANG_WARN_BLOCK_CAPTURE_AUTORELEASING = YES;
				CLANG_WARN_BOOL_CONVERSION = YES;
				CLANG_WARN_COMMA = YES;
				CLANG_WARN_CONSTANT_CONVERSION = YES;
				CLANG_WARN_DEPRECATED_OBJC_IMPLEMENTATIONS = YES;
				CLANG_WARN_DIRECT_OBJC_ISA_USAGE = YES_ERROR;
				CLANG_WARN_DOCUMENTATION_COMMENTS = YES;
				CLANG_WARN_EMPTY_BODY = YES;
				CLANG_WARN_ENUM_CONVERSION = YES;
				CLANG_WARN_INFINITE_RECURSION = YES;
				CLANG_WARN_INT_CONVERSION = YES;
				CLANG_WARN_NON_LITERAL_NULL_CONVERSION = YES;
				CLANG_WARN_OBJC_IMPLICIT_RETAIN_SELF = YES;
				CLANG_WARN_OBJC_LITERAL_CONVERSION = YES;
				CLANG_WARN_OBJC_ROOT_CLASS = YES_ERROR;
				CLANG_WARN_RANGE_LOOP_ANALYSIS = YES;
				CLANG_WARN_STRICT_PROTOTYPES = YES;
				CLANG_WARN_SUSPICIOUS_MOVE = YES;
				CLANG_WARN_UNGUARDED_AVAILABILITY = YES_AGGRESSIVE;
				CLANG_WARN_UNREACHABLE_CODE = YES;
				CLANG_WARN__DUPLICATE_METHOD_MATCH = YES;
				COPY_PHASE_STRIP = NO;
				DEBUG_INFORMATION_FORMAT = "dwarf-with-dsym";
				ENABLE_NS_ASSERTIONS = NO;
				ENABLE_STRICT_OBJC_MSGSEND = YES;
				GCC_C_LANGUAGE_STANDARD = gnu11;
				GCC_NO_COMMON_BLOCKS = YES;
				GCC_WARN_64_TO_32_BIT_CONVERSION = YES;
				GCC_WARN_ABOUT_RETURN_TYPE = YES_ERROR;
				GCC_WARN_UNDECLARED_SELECTOR = YES;
				GCC_WARN_UNINITIALIZED_AUTOS = YES_AGGRESSIVE;
				GCC_WARN_UNUSED_FUNCTION = YES;
				GCC_WARN_UNUSED_VARIABLE = YES;
				IPHONEOS_DEPLOYMENT_TARGET = 13.5;
				MTL_ENABLE_DEBUG_INFO = NO;
				MTL_FAST_MATH = YES;
				SDKROOT = iphoneos;
				SWIFT_COMPILATION_MODE = wholemodule;
				SWIFT_OPTIMIZATION_LEVEL = "-O";
				VALIDATE_PRODUCT = YES;
			};
			name = Release;
		};
		86A2256724CA421800D8EFDC /* Debug */ = {
			isa = XCBuildConfiguration;
			buildSettings = {
				ASSETCATALOG_COMPILER_APPICON_NAME = AppIcon;
				CODE_SIGN_STYLE = Automatic;
				DEVELOPMENT_ASSET_PATHS = "\"Pick Poker/Preview Content\"";
				DEVELOPMENT_TEAM = N96T5K2D2H;
				ENABLE_PREVIEWS = YES;
				INFOPLIST_FILE = "Pick Poker/Info.plist";
				LD_RUNPATH_SEARCH_PATHS = (
					"$(inherited)",
					"@executable_path/Frameworks",
				);
				PRODUCT_BUNDLE_IDENTIFIER = "oriapy.Pick-Poker";
				PRODUCT_NAME = "$(TARGET_NAME)";
				SWIFT_VERSION = 5.0;
				TARGETED_DEVICE_FAMILY = 2;
			};
			name = Debug;
		};
		86A2256824CA421800D8EFDC /* Release */ = {
			isa = XCBuildConfiguration;
			buildSettings = {
				ASSETCATALOG_COMPILER_APPICON_NAME = AppIcon;
				CODE_SIGN_STYLE = Automatic;
				DEVELOPMENT_ASSET_PATHS = "\"Pick Poker/Preview Content\"";
				DEVELOPMENT_TEAM = N96T5K2D2H;
				ENABLE_PREVIEWS = YES;
				INFOPLIST_FILE = "Pick Poker/Info.plist";
				LD_RUNPATH_SEARCH_PATHS = (
					"$(inherited)",
					"@executable_path/Frameworks",
				);
				PRODUCT_BUNDLE_IDENTIFIER = "oriapy.Pick-Poker";
				PRODUCT_NAME = "$(TARGET_NAME)";
				SWIFT_VERSION = 5.0;
				TARGETED_DEVICE_FAMILY = 2;
			};
			name = Release;
		};
/* End XCBuildConfiguration section */

/* Begin XCConfigurationList section */
		86A2254D24CA421700D8EFDC /* Build configuration list for PBXProject "Pick Poker" */ = {
			isa = XCConfigurationList;
			buildConfigurations = (
				86A2256424CA421800D8EFDC /* Debug */,
				86A2256524CA421800D8EFDC /* Release */,
			);
			defaultConfigurationIsVisible = 0;
			defaultConfigurationName = Release;
		};
		86A2256624CA421800D8EFDC /* Build configuration list for PBXNativeTarget "Pick Poker" */ = {
			isa = XCConfigurationList;
			buildConfigurations = (
				86A2256724CA421800D8EFDC /* Debug */,
				86A2256824CA421800D8EFDC /* Release */,
			);
			defaultConfigurationIsVisible = 0;
			defaultConfigurationName = Release;
		};
/* End XCConfigurationList section */
	};
	rootObject = 86A2254A24CA421700D8EFDC /* Project object */;
}
